
Microsoft Visual Studio Solution File, Format Version 12.00
Project("{2150E333-8FDC-42A3-9474-1A3956D46DE8}") = "Solution Items", "Solution Items", "{7C252A71-F4AE-43C6-ACA6-4634D4678F6C}"
	ProjectSection(SolutionItems) = preProject
		.gitignore = .gitignore
	EndProjectSection
EndProject
Project("{FAE04EC0-301F-11D3-BF4B-00C04F79EFBC}") = "Wordle.TrackerSupreme.Domain", "Wordle.TrackerSupreme.Domain\\Wordle.TrackerSupreme.Domain.csproj", "{48AC5A55-73FD-4E24-BAAC-1288491EA17A}"
EndProject
Project("{FAE04EC0-301F-11D3-BF4B-00C04F79EFBC}") = "Wordle.TrackerSupreme.Application", "Wordle.TrackerSupreme.Application\\Wordle.TrackerSupreme.Application.csproj", "{149DE865-375C-4C8A-9E9F-C4AA05364DF2}"
EndProject
Project("{FAE04EC0-301F-11D3-BF4B-00C04F79EFBC}") = "Wordle.TrackerSupreme.Infrastructure", "Wordle.TrackerSupreme.Infrastructure\\Wordle.TrackerSupreme.Infrastructure.csproj", "{ED328A49-F272-4DE7-AA9F-C6DC7352C320}"
EndProject
Project("{FAE04EC0-301F-11D3-BF4B-00C04F79EFBC}") = "Wordle.TrackerSupreme.Migrations", "Wordle.TrackerSupreme.Migrations\\Wordle.TrackerSupreme.Migrations.csproj", "{90F4AEB3-8ECD-45A3-9D46-99E2FAA5E7EF}"
EndProject
Project("{FAE04EC0-301F-11D3-BF4B-00C04F79EFBC}") = "Wordle.TrackerSupreme.Seeder", "Wordle.TrackerSupreme.Seeder\\Wordle.TrackerSupreme.Seeder.csproj", "{B0FAE1B2-6A5E-4C58-9A68-7F6C0F7C1D21}"
EndProject
Project("{FAE04EC0-301F-11D3-BF4B-00C04F79EFBC}") = "Wordle.TrackerSupreme.Api", "Wordle.TrackerSupreme.Api\\Wordle.TrackerSupreme.Api.csproj", "{AF51B44D-84E9-4F77-BA86-38093E76EA59}"
EndProject
Project("{FAE04EC0-301F-11D3-BF4B-00C04F79EFBC}") = "Wordle.TrackerSupreme.Tests", "Wordle.TrackerSupreme.Tests\Wordle.TrackerSupreme.Tests.csproj", "{5B57D4A1-FB52-442A-9DBC-168B2220073C}"
EndProject
Global
	GlobalSection(SolutionConfigurationPlatforms) = preSolution
		Debug|Any CPU = Debug|Any CPU
		Debug|x64 = Debug|x64
		Debug|x86 = Debug|x86
		Release|Any CPU = Release|Any CPU
		Release|x64 = Release|x64
		Release|x86 = Release|x86
	EndGlobalSection
	GlobalSection(ProjectConfigurationPlatforms) = postSolution
		{48AC5A55-73FD-4E24-BAAC-1288491EA17A}.Debug|Any CPU.ActiveCfg = Debug|Any CPU
		{48AC5A55-73FD-4E24-BAAC-1288491EA17A}.Debug|Any CPU.Build.0 = Debug|Any CPU
		{48AC5A55-73FD-4E24-BAAC-1288491EA17A}.Debug|x64.ActiveCfg = Debug|Any CPU
		{48AC5A55-73FD-4E24-BAAC-1288491EA17A}.Debug|x64.Build.0 = Debug|Any CPU
		{48AC5A55-73FD-4E24-BAAC-1288491EA17A}.Debug|x86.ActiveCfg = Debug|Any CPU
		{48AC5A55-73FD-4E24-BAAC-1288491EA17A}.Debug|x86.Build.0 = Debug|Any CPU
		{48AC5A55-73FD-4E24-BAAC-1288491EA17A}.Release|Any CPU.ActiveCfg = Release|Any CPU
		{48AC5A55-73FD-4E24-BAAC-1288491EA17A}.Release|Any CPU.Build.0 = Release|Any CPU
		{48AC5A55-73FD-4E24-BAAC-1288491EA17A}.Release|x64.ActiveCfg = Release|Any CPU
		{48AC5A55-73FD-4E24-BAAC-1288491EA17A}.Release|x64.Build.0 = Release|Any CPU
		{48AC5A55-73FD-4E24-BAAC-1288491EA17A}.Release|x86.ActiveCfg = Release|Any CPU
		{48AC5A55-73FD-4E24-BAAC-1288491EA17A}.Release|x86.Build.0 = Release|Any CPU
		{149DE865-375C-4C8A-9E9F-C4AA05364DF2}.Debug|Any CPU.ActiveCfg = Debug|Any CPU
		{149DE865-375C-4C8A-9E9F-C4AA05364DF2}.Debug|Any CPU.Build.0 = Debug|Any CPU
		{149DE865-375C-4C8A-9E9F-C4AA05364DF2}.Debug|x64.ActiveCfg = Debug|Any CPU
		{149DE865-375C-4C8A-9E9F-C4AA05364DF2}.Debug|x64.Build.0 = Debug|Any CPU
		{149DE865-375C-4C8A-9E9F-C4AA05364DF2}.Debug|x86.ActiveCfg = Debug|Any CPU
		{149DE865-375C-4C8A-9E9F-C4AA05364DF2}.Debug|x86.Build.0 = Debug|Any CPU
		{149DE865-375C-4C8A-9E9F-C4AA05364DF2}.Release|Any CPU.ActiveCfg = Release|Any CPU
		{149DE865-375C-4C8A-9E9F-C4AA05364DF2}.Release|Any CPU.Build.0 = Release|Any CPU
		{149DE865-375C-4C8A-9E9F-C4AA05364DF2}.Release|x64.ActiveCfg = Release|Any CPU
		{149DE865-375C-4C8A-9E9F-C4AA05364DF2}.Release|x64.Build.0 = Release|Any CPU
		{149DE865-375C-4C8A-9E9F-C4AA05364DF2}.Release|x86.ActiveCfg = Release|Any CPU
		{149DE865-375C-4C8A-9E9F-C4AA05364DF2}.Release|x86.Build.0 = Release|Any CPU
		{ED328A49-F272-4DE7-AA9F-C6DC7352C320}.Debug|Any CPU.ActiveCfg = Debug|Any CPU
		{ED328A49-F272-4DE7-AA9F-C6DC7352C320}.Debug|Any CPU.Build.0 = Debug|Any CPU
		{ED328A49-F272-4DE7-AA9F-C6DC7352C320}.Debug|x64.ActiveCfg = Debug|Any CPU
		{ED328A49-F272-4DE7-AA9F-C6DC7352C320}.Debug|x64.Build.0 = Debug|Any CPU
		{ED328A49-F272-4DE7-AA9F-C6DC7352C320}.Debug|x86.ActiveCfg = Debug|Any CPU
		{ED328A49-F272-4DE7-AA9F-C6DC7352C320}.Debug|x86.Build.0 = Debug|Any CPU
		{ED328A49-F272-4DE7-AA9F-C6DC7352C320}.Release|Any CPU.ActiveCfg = Release|Any CPU
		{ED328A49-F272-4DE7-AA9F-C6DC7352C320}.Release|Any CPU.Build.0 = Release|Any CPU
		{ED328A49-F272-4DE7-AA9F-C6DC7352C320}.Release|x64.ActiveCfg = Release|Any CPU
		{ED328A49-F272-4DE7-AA9F-C6DC7352C320}.Release|x64.Build.0 = Release|Any CPU
		{ED328A49-F272-4DE7-AA9F-C6DC7352C320}.Release|x86.ActiveCfg = Release|Any CPU
		{ED328A49-F272-4DE7-AA9F-C6DC7352C320}.Release|x86.Build.0 = Release|Any CPU
		{90F4AEB3-8ECD-45A3-9D46-99E2FAA5E7EF}.Debug|Any CPU.ActiveCfg = Debug|Any CPU
		{90F4AEB3-8ECD-45A3-9D46-99E2FAA5E7EF}.Debug|Any CPU.Build.0 = Debug|Any CPU
		{90F4AEB3-8ECD-45A3-9D46-99E2FAA5E7EF}.Debug|x64.ActiveCfg = Debug|Any CPU
		{90F4AEB3-8ECD-45A3-9D46-99E2FAA5E7EF}.Debug|x64.Build.0 = Debug|Any CPU
		{90F4AEB3-8ECD-45A3-9D46-99E2FAA5E7EF}.Debug|x86.ActiveCfg = Debug|Any CPU
		{90F4AEB3-8ECD-45A3-9D46-99E2FAA5E7EF}.Debug|x86.Build.0 = Debug|Any CPU
		{90F4AEB3-8ECD-45A3-9D46-99E2FAA5E7EF}.Release|Any CPU.ActiveCfg = Release|Any CPU
		{90F4AEB3-8ECD-45A3-9D46-99E2FAA5E7EF}.Release|Any CPU.Build.0 = Release|Any CPU
		{90F4AEB3-8ECD-45A3-9D46-99E2FAA5E7EF}.Release|x64.ActiveCfg = Release|Any CPU
		{90F4AEB3-8ECD-45A3-9D46-99E2FAA5E7EF}.Release|x64.Build.0 = Release|Any CPU
		{90F4AEB3-8ECD-45A3-9D46-99E2FAA5E7EF}.Release|x86.ActiveCfg = Release|Any CPU
		{90F4AEB3-8ECD-45A3-9D46-99E2FAA5E7EF}.Release|x86.Build.0 = Release|Any CPU
		{B0FAE1B2-6A5E-4C58-9A68-7F6C0F7C1D21}.Debug|Any CPU.ActiveCfg = Debug|Any CPU
		{B0FAE1B2-6A5E-4C58-9A68-7F6C0F7C1D21}.Debug|Any CPU.Build.0 = Debug|Any CPU
		{B0FAE1B2-6A5E-4C58-9A68-7F6C0F7C1D21}.Debug|x64.ActiveCfg = Debug|Any CPU
		{B0FAE1B2-6A5E-4C58-9A68-7F6C0F7C1D21}.Debug|x64.Build.0 = Debug|Any CPU
		{B0FAE1B2-6A5E-4C58-9A68-7F6C0F7C1D21}.Debug|x86.ActiveCfg = Debug|Any CPU
		{B0FAE1B2-6A5E-4C58-9A68-7F6C0F7C1D21}.Debug|x86.Build.0 = Debug|Any CPU
		{B0FAE1B2-6A5E-4C58-9A68-7F6C0F7C1D21}.Release|Any CPU.ActiveCfg = Release|Any CPU
		{B0FAE1B2-6A5E-4C58-9A68-7F6C0F7C1D21}.Release|Any CPU.Build.0 = Release|Any CPU
		{B0FAE1B2-6A5E-4C58-9A68-7F6C0F7C1D21}.Release|x64.ActiveCfg = Release|Any CPU
		{B0FAE1B2-6A5E-4C58-9A68-7F6C0F7C1D21}.Release|x64.Build.0 = Release|Any CPU
		{B0FAE1B2-6A5E-4C58-9A68-7F6C0F7C1D21}.Release|x86.ActiveCfg = Release|Any CPU
		{B0FAE1B2-6A5E-4C58-9A68-7F6C0F7C1D21}.Release|x86.Build.0 = Release|Any CPU
		{AF51B44D-84E9-4F77-BA86-38093E76EA59}.Debug|Any CPU.ActiveCfg = Debug|Any CPU
		{AF51B44D-84E9-4F77-BA86-38093E76EA59}.Debug|Any CPU.Build.0 = Debug|Any CPU
		{AF51B44D-84E9-4F77-BA86-38093E76EA59}.Debug|x64.ActiveCfg = Debug|Any CPU
		{AF51B44D-84E9-4F77-BA86-38093E76EA59}.Debug|x64.Build.0 = Debug|Any CPU
		{AF51B44D-84E9-4F77-BA86-38093E76EA59}.Debug|x86.ActiveCfg = Debug|Any CPU
		{AF51B44D-84E9-4F77-BA86-38093E76EA59}.Debug|x86.Build.0 = Debug|Any CPU
		{AF51B44D-84E9-4F77-BA86-38093E76EA59}.Release|Any CPU.ActiveCfg = Release|Any CPU
		{AF51B44D-84E9-4F77-BA86-38093E76EA59}.Release|Any CPU.Build.0 = Release|Any CPU
		{AF51B44D-84E9-4F77-BA86-38093E76EA59}.Release|x64.ActiveCfg = Release|Any CPU
		{AF51B44D-84E9-4F77-BA86-38093E76EA59}.Release|x64.Build.0 = Release|Any CPU
		{AF51B44D-84E9-4F77-BA86-38093E76EA59}.Release|x86.ActiveCfg = Release|Any CPU
		{AF51B44D-84E9-4F77-BA86-38093E76EA59}.Release|x86.Build.0 = Release|Any CPU
		{5B57D4A1-FB52-442A-9DBC-168B2220073C}.Debug|Any CPU.ActiveCfg = Debug|Any CPU
		{5B57D4A1-FB52-442A-9DBC-168B2220073C}.Debug|Any CPU.Build.0 = Debug|Any CPU
		{5B57D4A1-FB52-442A-9DBC-168B2220073C}.Debug|x64.ActiveCfg = Debug|Any CPU
		{5B57D4A1-FB52-442A-9DBC-168B2220073C}.Debug|x64.Build.0 = Debug|Any CPU
		{5B57D4A1-FB52-442A-9DBC-168B2220073C}.Debug|x86.ActiveCfg = Debug|Any CPU
		{5B57D4A1-FB52-442A-9DBC-168B2220073C}.Debug|x86.Build.0 = Debug|Any CPU
		{5B57D4A1-FB52-442A-9DBC-168B2220073C}.Release|Any CPU.ActiveCfg = Release|Any CPU
		{5B57D4A1-FB52-442A-9DBC-168B2220073C}.Release|Any CPU.Build.0 = Release|Any CPU
		{5B57D4A1-FB52-442A-9DBC-168B2220073C}.Release|x64.ActiveCfg = Release|Any CPU
		{5B57D4A1-FB52-442A-9DBC-168B2220073C}.Release|x64.Build.0 = Release|Any CPU
		{5B57D4A1-FB52-442A-9DBC-168B2220073C}.Release|x86.ActiveCfg = Release|Any CPU
		{5B57D4A1-FB52-442A-9DBC-168B2220073C}.Release|x86.Build.0 = Release|Any CPU
	EndGlobalSection
	GlobalSection(SolutionProperties) = preSolution
		HideSolutionNode = FALSE
	EndGlobalSection
EndGlobal
