
Microsoft Visual Studio Solution File, Format Version 12.00
Project("{2150E333-8FDC-42A3-9474-1A3956D46DE8}") = "Solution Items", "Solution Items", "{9DB2951B-C7D3-4BFB-B9A8-19A80FDA80E6}"
	ProjectSection(SolutionItems) = preProject
		compose.yaml = compose.yaml
		.gitignore = .gitignore
	EndProjectSection
EndProject
Project("{FAE04EC0-301F-11D3-BF4B-00C04F79EFBC}") = "BowlingTrackerSupreme.Domain", "BowlingTrackerSupreme.Domain\BowlingTrackerSupreme.Domain.csproj", "{A6826A02-6D59-44E3-B109-E7327D44AAA0}"
EndProject
Project("{FAE04EC0-301F-11D3-BF4B-00C04F79EFBC}") = "BowlingTrackerSupreme.Blazor", "BowlingTrackerSupreme.Blazor\BowlingTrackerSupreme.Blazor\BowlingTrackerSupreme.Blazor.csproj", "{7D59AF11-58CB-4173-B76B-77C18BEC22E6}"
EndProject
Project("{FAE04EC0-301F-11D3-BF4B-00C04F79EFBC}") = "BowlingTrackerSupreme.Blazor.Client", "BowlingTrackerSupreme.Blazor\BowlingTrackerSupreme.Blazor.Client\BowlingTrackerSupreme.Blazor.Client.csproj", "{4C3CECAA-42BF-4A6A-B3FA-5CEDFC3CF1D0}"
EndProject
Project("{FAE04EC0-301F-11D3-BF4B-00C04F79EFBC}") = "BowlingTrackerSupreme.Infrastructure", "BowlingTrackerSupreme.Infrastructure\BowlingTrackerSupreme.Infrastructure.csproj", "{44322F02-C7D9-4F50-9A3B-130B0AFFF172}"
EndProject
Project("{FAE04EC0-301F-11D3-BF4B-00C04F79EFBC}") = "BowlingTrackerSupreme.Migrations", "BowlingTrackerSupreme.Migrations\BowlingTrackerSupreme.Migrations.csproj", "{1B8BFF48-112C-42CB-84D3-41266666CCDF}"
EndProject
Global
	GlobalSection(SolutionConfigurationPlatforms) = preSolution
		Debug|Any CPU = Debug|Any CPU
		Release|Any CPU = Release|Any CPU
	EndGlobalSection
	GlobalSection(ProjectConfigurationPlatforms) = postSolution
		{A6826A02-6D59-44E3-B109-E7327D44AAA0}.Debug|Any CPU.ActiveCfg = Debug|Any CPU
		{A6826A02-6D59-44E3-B109-E7327D44AAA0}.Debug|Any CPU.Build.0 = Debug|Any CPU
		{A6826A02-6D59-44E3-B109-E7327D44AAA0}.Release|Any CPU.ActiveCfg = Release|Any CPU
		{A6826A02-6D59-44E3-B109-E7327D44AAA0}.Release|Any CPU.Build.0 = Release|Any CPU
		{7D59AF11-58CB-4173-B76B-77C18BEC22E6}.Debug|Any CPU.ActiveCfg = Debug|Any CPU
		{7D59AF11-58CB-4173-B76B-77C18BEC22E6}.Debug|Any CPU.Build.0 = Debug|Any CPU
		{7D59AF11-58CB-4173-B76B-77C18BEC22E6}.Release|Any CPU.ActiveCfg = Release|Any CPU
		{7D59AF11-58CB-4173-B76B-77C18BEC22E6}.Release|Any CPU.Build.0 = Release|Any CPU
		{4C3CECAA-42BF-4A6A-B3FA-5CEDFC3CF1D0}.Debug|Any CPU.ActiveCfg = Debug|Any CPU
		{4C3CECAA-42BF-4A6A-B3FA-5CEDFC3CF1D0}.Debug|Any CPU.Build.0 = Debug|Any CPU
		{4C3CECAA-42BF-4A6A-B3FA-5CEDFC3CF1D0}.Release|Any CPU.ActiveCfg = Release|Any CPU
		{4C3CECAA-42BF-4A6A-B3FA-5CEDFC3CF1D0}.Release|Any CPU.Build.0 = Release|Any CPU
		{44322F02-C7D9-4F50-9A3B-130B0AFFF172}.Debug|Any CPU.ActiveCfg = Debug|Any CPU
		{44322F02-C7D9-4F50-9A3B-130B0AFFF172}.Debug|Any CPU.Build.0 = Debug|Any CPU
		{44322F02-C7D9-4F50-9A3B-130B0AFFF172}.Release|Any CPU.ActiveCfg = Release|Any CPU
		{44322F02-C7D9-4F50-9A3B-130B0AFFF172}.Release|Any CPU.Build.0 = Release|Any CPU
		{1B8BFF48-112C-42CB-84D3-41266666CCDF}.Debug|Any CPU.ActiveCfg = Debug|Any CPU
		{1B8BFF48-112C-42CB-84D3-41266666CCDF}.Debug|Any CPU.Build.0 = Debug|Any CPU
		{1B8BFF48-112C-42CB-84D3-41266666CCDF}.Release|Any CPU.ActiveCfg = Release|Any CPU
		{1B8BFF48-112C-42CB-84D3-41266666CCDF}.Release|Any CPU.Build.0 = Release|Any CPU
	EndGlobalSection
EndGlobal
